
Microsoft Visual Studio Solution File, Format Version 12.00
# Visual Studio 15
VisualStudioVersion = 15.0.26730.12
MinimumVisualStudioVersion = 10.0.40219.1
Project("{FAE04EC0-301F-11D3-BF4B-00C04F79EFBC}") = "GruntGulpLab", "GruntGulpLab\GruntGulpLab.csproj", "{B4F52979-F20A-4C19-9201-D6F8D6C8ABBA}"
EndProject
Global
	GlobalSection(SolutionConfigurationPlatforms) = preSolution
		Debug|Any CPU = Debug|Any CPU
		Release|Any CPU = Release|Any CPU
	EndGlobalSection
	GlobalSection(ProjectConfigurationPlatforms) = postSolution
		{B4F52979-F20A-4C19-9201-D6F8D6C8ABBA}.Debug|Any CPU.ActiveCfg = Debug|Any CPU
		{B4F52979-F20A-4C19-9201-D6F8D6C8ABBA}.Debug|Any CPU.Build.0 = Debug|Any CPU
		{B4F52979-F20A-4C19-9201-D6F8D6C8ABBA}.Release|Any CPU.ActiveCfg = Release|Any CPU
		{B4F52979-F20A-4C19-9201-D6F8D6C8ABBA}.Release|Any CPU.Build.0 = Release|Any CPU
	EndGlobalSection
	GlobalSection(SolutionProperties) = preSolution
		HideSolutionNode = FALSE
	EndGlobalSection
	GlobalSection(ExtensibilityGlobals) = postSolution
		SolutionGuid = {8FC76CB5-08E0-4409-B921-C20C6D654A3F}
	EndGlobalSection
EndGlobal
